Microsoft Visual Studio Solution File, Format Version 12.00
# Visual Studio Version 17
VisualStudioVersion = 17.0.31717.71
MinimumVisualStudioVersion = 10.0.40219.1
Project("{9A19103F-16F7-4668-BE54-9A1E7A4F7556}") = "IntellisenseTest", "IntellisenseTest.csproj", "{31DF8153-28CA-4A38-A11B-17E7C6305B7C}"
EndProject
Global
	GlobalSection(SolutionConfigurationPlatforms) = preSolution
		Debug|Any CPU = Debug|Any CPU
		Release|Any CPU = Release|Any CPU
	EndGlobalSection
	GlobalSection(ProjectConfigurationPlatforms) = postSolution
		{31DF8153-28CA-4A38-A11B-17E7C6305B7C}.Debug|Any CPU.ActiveCfg = Debug|Any CPU
		{31DF8153-28CA-4A38-A11B-17E7C6305B7C}.Debug|Any CPU.Build.0 = Debug|Any CPU
		{31DF8153-28CA-4A38-A11B-17E7C6305B7C}.Release|Any CPU.ActiveCfg = Release|Any CPU
		{31DF8153-28CA-4A38-A11B-17E7C6305B7C}.Release|Any CPU.Build.0 = Release|Any CPU
	EndGlobalSection
	GlobalSection(SolutionProperties) = preSolution
		HideSolutionNode = FALSE
	EndGlobalSection
	GlobalSection(ExtensibilityGlobals) = postSolution
		SolutionGuid = {CBF021F6-2F50-4A51-8DC6-111A515FD48C}
	EndGlobalSection
EndGlobal
